
Microsoft Visual Studio Solution File, Format Version 12.00
# Visual Studio Version 16
VisualStudioVersion = 16.0.29613.14
MinimumVisualStudioVersion = 10.0.40219.1
Project("{FAE04EC0-301F-11D3-BF4B-00C04F79EFBC}") = "ProducerConsumerApp", "ProducerConsumerApp\ProducerConsumerApp.csproj", "{ECAA0D28-8C16-4B65-8B4E-03404B9B7319}"
EndProject
Global
	GlobalSection(SolutionConfigurationPlatforms) = preSolution
		Debug|Any CPU = Debug|Any CPU
		Release|Any CPU = Release|Any CPU
	EndGlobalSection
	GlobalSection(ProjectConfigurationPlatforms) = postSolution
		{ECAA0D28-8C16-4B65-8B4E-03404B9B7319}.Debug|Any CPU.ActiveCfg = Debug|Any CPU
		{ECAA0D28-8C16-4B65-8B4E-03404B9B7319}.Debug|Any CPU.Build.0 = Debug|Any CPU
		{ECAA0D28-8C16-4B65-8B4E-03404B9B7319}.Release|Any CPU.ActiveCfg = Release|Any CPU
		{ECAA0D28-8C16-4B65-8B4E-03404B9B7319}.Release|Any CPU.Build.0 = Release|Any CPU
	EndGlobalSection
	GlobalSection(SolutionProperties) = preSolution
		HideSolutionNode = FALSE
	EndGlobalSection
	GlobalSection(ExtensibilityGlobals) = postSolution
		SolutionGuid = {06A009F0-A8F8-4687-B1CE-1A36B17C3E80}
	EndGlobalSection
EndGlobal
